
Microsoft Visual Studio Solution File, Format Version 12.00
# Visual Studio 15
VisualStudioVersion = 15.0.27428.1
MinimumVisualStudioVersion = 10.0.40219.1
Project("{FAE04EC0-301F-11D3-BF4B-00C04F79EFBC}") = "RecruitmentOffice", "RecruitmentOffice\RecruitmentOffice.csproj", "{E896291F-9FF2-4DA5-811A-813779257CFE}"
EndProject
Global
	GlobalSection(SolutionConfigurationPlatforms) = preSolution
		Debug|Any CPU = Debug|Any CPU
		Release|Any CPU = Release|Any CPU
	EndGlobalSection
	GlobalSection(ProjectConfigurationPlatforms) = postSolution
		{E896291F-9FF2-4DA5-811A-813779257CFE}.Debug|Any CPU.ActiveCfg = Debug|Any CPU
		{E896291F-9FF2-4DA5-811A-813779257CFE}.Debug|Any CPU.Build.0 = Debug|Any CPU
		{E896291F-9FF2-4DA5-811A-813779257CFE}.Release|Any CPU.ActiveCfg = Release|Any CPU
		{E896291F-9FF2-4DA5-811A-813779257CFE}.Release|Any CPU.Build.0 = Release|Any CPU
	EndGlobalSection
	GlobalSection(SolutionProperties) = preSolution
		HideSolutionNode = FALSE
	EndGlobalSection
	GlobalSection(ExtensibilityGlobals) = postSolution
		SolutionGuid = {ED213A17-EFD8-481A-B73E-C5D0B4D26CC9}
	EndGlobalSection
EndGlobal
